
Microsoft Visual Studio Solution File, Format Version 12.00
# Visual Studio Version 16
VisualStudioVersion = 16.0.30804.86
MinimumVisualStudioVersion = 10.0.40219.1
Project("{FAE04EC0-301F-11D3-BF4B-00C04F79EFBC}") = "QASite.Web", "QASite.Web\QASite.Web.csproj", "{8AB3841F-DD5C-4DB9-9CF8-8FBF98809D63}"
EndProject
Project("{FAE04EC0-301F-11D3-BF4B-00C04F79EFBC}") = "QASite.Data", "QASite.Data\QASite.Data.csproj", "{A6405FD6-CBF5-4A6A-AB7B-CAB896A42220}"
EndProject
Global
	GlobalSection(SolutionConfigurationPlatforms) = preSolution
		Debug|Any CPU = Debug|Any CPU
		Release|Any CPU = Release|Any CPU
	EndGlobalSection
	GlobalSection(ProjectConfigurationPlatforms) = postSolution
		{8AB3841F-DD5C-4DB9-9CF8-8FBF98809D63}.Debug|Any CPU.ActiveCfg = Debug|Any CPU
		{8AB3841F-DD5C-4DB9-9CF8-8FBF98809D63}.Debug|Any CPU.Build.0 = Debug|Any CPU
		{8AB3841F-DD5C-4DB9-9CF8-8FBF98809D63}.Release|Any CPU.ActiveCfg = Release|Any CPU
		{8AB3841F-DD5C-4DB9-9CF8-8FBF98809D63}.Release|Any CPU.Build.0 = Release|Any CPU
		{A6405FD6-CBF5-4A6A-AB7B-CAB896A42220}.Debug|Any CPU.ActiveCfg = Debug|Any CPU
		{A6405FD6-CBF5-4A6A-AB7B-CAB896A42220}.Debug|Any CPU.Build.0 = Debug|Any CPU
		{A6405FD6-CBF5-4A6A-AB7B-CAB896A42220}.Release|Any CPU.ActiveCfg = Release|Any CPU
		{A6405FD6-CBF5-4A6A-AB7B-CAB896A42220}.Release|Any CPU.Build.0 = Release|Any CPU
	EndGlobalSection
	GlobalSection(SolutionProperties) = preSolution
		HideSolutionNode = FALSE
	EndGlobalSection
	GlobalSection(ExtensibilityGlobals) = postSolution
		SolutionGuid = {056603A5-2FC7-4E43-9AF3-825D59907433}
	EndGlobalSection
EndGlobal
